
Microsoft Visual Studio Solution File, Format Version 12.00
# Visual Studio Version 17
VisualStudioVersion = 17.6.33829.357
MinimumVisualStudioVersion = 10.0.40219.1
Project("{FAE04EC0-301F-11D3-BF4B-00C04F79EFBC}") = "TextFilter", "TextFilter\TextFilter.csproj", "{A86696DA-72F3-43F4-8EC8-F9A6856BE86B}"
EndProject
Project("{FAE04EC0-301F-11D3-BF4B-00C04F79EFBC}") = "TextFilterTests", "TextFilterTests\TextFilterTests.csproj", "{B2993BC1-1A37-46F6-B320-875E45EE4480}"
EndProject
Global
	GlobalSection(SolutionConfigurationPlatforms) = preSolution
		Debug|Any CPU = Debug|Any CPU
		Release|Any CPU = Release|Any CPU
	EndGlobalSection
	GlobalSection(ProjectConfigurationPlatforms) = postSolution
		{A86696DA-72F3-43F4-8EC8-F9A6856BE86B}.Debug|Any CPU.ActiveCfg = Debug|Any CPU
		{A86696DA-72F3-43F4-8EC8-F9A6856BE86B}.Debug|Any CPU.Build.0 = Debug|Any CPU
		{A86696DA-72F3-43F4-8EC8-F9A6856BE86B}.Release|Any CPU.ActiveCfg = Release|Any CPU
		{A86696DA-72F3-43F4-8EC8-F9A6856BE86B}.Release|Any CPU.Build.0 = Release|Any CPU
		{B2993BC1-1A37-46F6-B320-875E45EE4480}.Debug|Any CPU.ActiveCfg = Debug|Any CPU
		{B2993BC1-1A37-46F6-B320-875E45EE4480}.Debug|Any CPU.Build.0 = Debug|Any CPU
		{B2993BC1-1A37-46F6-B320-875E45EE4480}.Release|Any CPU.ActiveCfg = Release|Any CPU
		{B2993BC1-1A37-46F6-B320-875E45EE4480}.Release|Any CPU.Build.0 = Release|Any CPU
	EndGlobalSection
	GlobalSection(SolutionProperties) = preSolution
		HideSolutionNode = FALSE
	EndGlobalSection
	GlobalSection(ExtensibilityGlobals) = postSolution
		SolutionGuid = {DDBA5D46-B1B7-4877-A6EF-591BB21AADAC}
	EndGlobalSection
EndGlobal
